Microsoft Visual Studio Solution File, Format Version 12.00
# Visual Studio Version 17
VisualStudioVersion = 17.5.2.0
MinimumVisualStudioVersion = 10.0.40219.1
Project("{FAE04EC0-301F-11D3-BF4B-00C04F79EFBC}") = "Game characters", "Game characters.csproj", "{23E48DEE-55D6-119A-8615-F753100354CF}"
EndProject
Global
	GlobalSection(SolutionConfigurationPlatforms) = preSolution
		Debug|Any CPU = Debug|Any CPU
		Release|Any CPU = Release|Any CPU
	EndGlobalSection
	GlobalSection(ProjectConfigurationPlatforms) = postSolution
		{23E48DEE-55D6-119A-8615-F753100354CF}.Debug|Any CPU.ActiveCfg = Debug|Any CPU
		{23E48DEE-55D6-119A-8615-F753100354CF}.Debug|Any CPU.Build.0 = Debug|Any CPU
		{23E48DEE-55D6-119A-8615-F753100354CF}.Release|Any CPU.ActiveCfg = Release|Any CPU
		{23E48DEE-55D6-119A-8615-F753100354CF}.Release|Any CPU.Build.0 = Release|Any CPU
	EndGlobalSection
	GlobalSection(SolutionProperties) = preSolution
		HideSolutionNode = FALSE
	EndGlobalSection
	GlobalSection(ExtensibilityGlobals) = postSolution
		SolutionGuid = {5558CCF0-FE03-449A-8E28-8DA80A4FE993}
	EndGlobalSection
EndGlobal
